
Microsoft Visual Studio Solution File, Format Version 12.00
# Visual Studio Version 16
VisualStudioVersion = 16.0.32002.261
MinimumVisualStudioVersion = 10.0.40219.1
Project("{FAE04EC0-301F-11D3-BF4B-00C04F79EFBC}") = "CarManifacturer", "CarManifacturer\CarManifacturer.csproj", "{32D328BB-60EB-4D86-9FA8-F1ABB25310AB}"
EndProject
Project("{FAE04EC0-301F-11D3-BF4B-00C04F79EFBC}") = "CarSalesman", "CarSalesman\CarSalesman.csproj", "{591C4C87-E87D-40BC-9DDA-5DEE6F2B124C}"
EndProject
Project("{FAE04EC0-301F-11D3-BF4B-00C04F79EFBC}") = "Enum", "Enum\Enum.csproj", "{0C118527-EAF9-492B-8FAF-5A893DC6A310}"
EndProject
Project("{FAE04EC0-301F-11D3-BF4B-00C04F79EFBC}") = "PokemonTrainer", "PokemonTrainer\PokemonTrainer.csproj", "{A0409F29-7D45-47F4-AC4D-89E293C58CFF}"
EndProject
Project("{FAE04EC0-301F-11D3-BF4B-00C04F79EFBC}") = "SoftUniParking", "SoftUniParking\SoftUniParking.csproj", "{FA7FB620-5571-4182-8A24-3116F9A719FD}"
EndProject
Global
	GlobalSection(SolutionConfigurationPlatforms) = preSolution
		Debug|Any CPU = Debug|Any CPU
		Release|Any CPU = Release|Any CPU
	EndGlobalSection
	GlobalSection(ProjectConfigurationPlatforms) = postSolution
		{32D328BB-60EB-4D86-9FA8-F1ABB25310AB}.Debug|Any CPU.ActiveCfg = Debug|Any CPU
		{32D328BB-60EB-4D86-9FA8-F1ABB25310AB}.Debug|Any CPU.Build.0 = Debug|Any CPU
		{32D328BB-60EB-4D86-9FA8-F1ABB25310AB}.Release|Any CPU.ActiveCfg = Release|Any CPU
		{32D328BB-60EB-4D86-9FA8-F1ABB25310AB}.Release|Any CPU.Build.0 = Release|Any CPU
		{591C4C87-E87D-40BC-9DDA-5DEE6F2B124C}.Debug|Any CPU.ActiveCfg = Debug|Any CPU
		{591C4C87-E87D-40BC-9DDA-5DEE6F2B124C}.Debug|Any CPU.Build.0 = Debug|Any CPU
		{591C4C87-E87D-40BC-9DDA-5DEE6F2B124C}.Release|Any CPU.ActiveCfg = Release|Any CPU
		{591C4C87-E87D-40BC-9DDA-5DEE6F2B124C}.Release|Any CPU.Build.0 = Release|Any CPU
		{0C118527-EAF9-492B-8FAF-5A893DC6A310}.Debug|Any CPU.ActiveCfg = Debug|Any CPU
		{0C118527-EAF9-492B-8FAF-5A893DC6A310}.Debug|Any CPU.Build.0 = Debug|Any CPU
		{0C118527-EAF9-492B-8FAF-5A893DC6A310}.Release|Any CPU.ActiveCfg = Release|Any CPU
		{0C118527-EAF9-492B-8FAF-5A893DC6A310}.Release|Any CPU.Build.0 = Release|Any CPU
		{A0409F29-7D45-47F4-AC4D-89E293C58CFF}.Debug|Any CPU.ActiveCfg = Debug|Any CPU
		{A0409F29-7D45-47F4-AC4D-89E293C58CFF}.Debug|Any CPU.Build.0 = Debug|Any CPU
		{A0409F29-7D45-47F4-AC4D-89E293C58CFF}.Release|Any CPU.ActiveCfg = Release|Any CPU
		{A0409F29-7D45-47F4-AC4D-89E293C58CFF}.Release|Any CPU.Build.0 = Release|Any CPU
		{FA7FB620-5571-4182-8A24-3116F9A719FD}.Debug|Any CPU.ActiveCfg = Debug|Any CPU
		{FA7FB620-5571-4182-8A24-3116F9A719FD}.Debug|Any CPU.Build.0 = Debug|Any CPU
		{FA7FB620-5571-4182-8A24-3116F9A719FD}.Release|Any CPU.ActiveCfg = Release|Any CPU
		{FA7FB620-5571-4182-8A24-3116F9A719FD}.Release|Any CPU.Build.0 = Release|Any CPU
	EndGlobalSection
	GlobalSection(SolutionProperties) = preSolution
		HideSolutionNode = FALSE
	EndGlobalSection
	GlobalSection(ExtensibilityGlobals) = postSolution
		SolutionGuid = {2C40495A-0312-4A20-8A55-0FC35D8657B7}
	EndGlobalSection
EndGlobal
