
Microsoft Visual Studio Solution File, Format Version 12.00
# Visual Studio Version 16
VisualStudioVersion = 16.0.31624.102
MinimumVisualStudioVersion = 10.0.40219.1
Project("{FAE04EC0-301F-11D3-BF4B-00C04F79EFBC}") = "Generics-Lab", "Generics-Lab\Generics-Lab.csproj", "{FC47A59E-6643-42B4-B3C5-31F34A096C09}"
EndProject
Project("{FAE04EC0-301F-11D3-BF4B-00C04F79EFBC}") = "BoxOfT", "01.BoxOfT\BoxOfT.csproj", "{07482F39-BBC8-4771-804C-AF21675C8A95}"
EndProject
Project("{FAE04EC0-301F-11D3-BF4B-00C04F79EFBC}") = "GenericArrayCreator", "GenericArrayCreator\GenericArrayCreator.csproj", "{F93ED0A8-8B2B-498D-A094-FAC62E7C13C2}"
EndProject
Global
	GlobalSection(SolutionConfigurationPlatforms) = preSolution
		Debug|Any CPU = Debug|Any CPU
		Release|Any CPU = Release|Any CPU
	EndGlobalSection
	GlobalSection(ProjectConfigurationPlatforms) = postSolution
		{FC47A59E-6643-42B4-B3C5-31F34A096C09}.Debug|Any CPU.ActiveCfg = Debug|Any CPU
		{FC47A59E-6643-42B4-B3C5-31F34A096C09}.Debug|Any CPU.Build.0 = Debug|Any CPU
		{FC47A59E-6643-42B4-B3C5-31F34A096C09}.Release|Any CPU.ActiveCfg = Release|Any CPU
		{FC47A59E-6643-42B4-B3C5-31F34A096C09}.Release|Any CPU.Build.0 = Release|Any CPU
		{07482F39-BBC8-4771-804C-AF21675C8A95}.Debug|Any CPU.ActiveCfg = Debug|Any CPU
		{07482F39-BBC8-4771-804C-AF21675C8A95}.Debug|Any CPU.Build.0 = Debug|Any CPU
		{07482F39-BBC8-4771-804C-AF21675C8A95}.Release|Any CPU.ActiveCfg = Release|Any CPU
		{07482F39-BBC8-4771-804C-AF21675C8A95}.Release|Any CPU.Build.0 = Release|Any CPU
		{F93ED0A8-8B2B-498D-A094-FAC62E7C13C2}.Debug|Any CPU.ActiveCfg = Debug|Any CPU
		{F93ED0A8-8B2B-498D-A094-FAC62E7C13C2}.Debug|Any CPU.Build.0 = Debug|Any CPU
		{F93ED0A8-8B2B-498D-A094-FAC62E7C13C2}.Release|Any CPU.ActiveCfg = Release|Any CPU
		{F93ED0A8-8B2B-498D-A094-FAC62E7C13C2}.Release|Any CPU.Build.0 = Release|Any CPU
	EndGlobalSection
	GlobalSection(SolutionProperties) = preSolution
		HideSolutionNode = FALSE
	EndGlobalSection
	GlobalSection(ExtensibilityGlobals) = postSolution
		SolutionGuid = {ECC9D9E5-3615-447C-8C70-1E51ADDFA233}
	EndGlobalSection
EndGlobal
